
Microsoft Visual Studio Solution File, Format Version 12.00
# Visual Studio Version 17
VisualStudioVersion = 17.14.36401.2 d17.14
MinimumVisualStudioVersion = 10.0.40219.1
Project("{FAE04EC0-301F-11D3-BF4B-00C04F79EFBC}") = "TaskManagementMvc", "TaskManagementMvc.csproj", "{2C947B6A-3A10-43B4-57D7-B415FFD5C763}"
EndProject
Global
	GlobalSection(SolutionConfigurationPlatforms) = preSolution
		Debug|Any CPU = Debug|Any CPU
		Release|Any CPU = Release|Any CPU
	EndGlobalSection
	GlobalSection(ProjectConfigurationPlatforms) = postSolution
		{2C947B6A-3A10-43B4-57D7-B415FFD5C763}.Debug|Any CPU.ActiveCfg = Debug|Any CPU
		{2C947B6A-3A10-43B4-57D7-B415FFD5C763}.Debug|Any CPU.Build.0 = Debug|Any CPU
		{2C947B6A-3A10-43B4-57D7-B415FFD5C763}.Release|Any CPU.ActiveCfg = Release|Any CPU
		{2C947B6A-3A10-43B4-57D7-B415FFD5C763}.Release|Any CPU.Build.0 = Release|Any CPU
	EndGlobalSection
	GlobalSection(SolutionProperties) = preSolution
		HideSolutionNode = FALSE
	EndGlobalSection
	GlobalSection(ExtensibilityGlobals) = postSolution
		SolutionGuid = {D914D3DB-F739-4C3D-962A-5EA4B2F4B42A}
	EndGlobalSection
EndGlobal
